# THIS IS AN AUTOGENERATED FILE. DO NOT EDIT THIS FILE DIRECTLY.
# yarn lockfile v1


"@babel/runtime@^7.7.6":
  version "7.26.0"
  resolved "https://registry.yarnpkg.com/@babel/runtime/-/runtime-7.26.0.tgz#8600c2f595f277c60815256418b85356a65173c1"
  integrity sha512-FDSOghenHTiToteC/QRlv2q3DhPZ/oOXTBoirfWNx1Cx3TMVcGWQtMMmQcSvb/JjpNeGzx8Pq/b4fKEJuWm1sw==
  dependencies:
    regenerator-runtime "^0.14.0"

"@elastic/elasticsearch@7":
  version "7.17.14"
  resolved "https://registry.yarnpkg.com/@elastic/elasticsearch/-/elasticsearch-7.17.14.tgz#5ffd6d04e2be38b3dba56cf80af4359fc43b7f1f"
  integrity sha512-6uQ1pVXutwz1Krwooo67W+3K8BwH1ASMh1WoHTpomUzw8EXecXN5lHIJ9EPqTHuv1WqR2LKkSJyagcq0HYUJpg==
  dependencies:
    debug "^4.3.1"
    hpagent "^0.1.1"
    ms "^2.1.3"
    secure-json-parse "^2.4.0"

"@kaliber/elasticsearch@^2.1.2":
  version "2.1.2"
  resolved "https://registry.yarnpkg.com/@kaliber/elasticsearch/-/elasticsearch-2.1.2.tgz#52db11e07ef17c4ffd84f8d5a883f758cc807c36"
  integrity sha512-RzPOyQUEPuk01mPu8RixXLhva58DrqeC2zsaE8slDd5xya1zAjrF58qqGkoOQ0lhUdkiVUqdxQ1uHMXf8ft/Ow==

"@kaliber/forms@^2.1.2":
  version "2.1.2"
  resolved "https://registry.yarnpkg.com/@kaliber/forms/-/forms-2.1.2.tgz#5a527a2131355188dbd6878de51fa1f458b6ab82"
  integrity sha512-pY8R8byFytEmFPV8vqBm22FVRVLb8JwZjg6lJkXBxts+5o3/7bMNmul21Rd76Jncg0m2IiX9j+9bPrG5ceL0HA==
  dependencies:
    react-fast-compare "^3.0.1"

"@kaliber/routing@^2.0.0":
  version "2.0.0"
  resolved "https://registry.yarnpkg.com/@kaliber/routing/-/routing-2.0.0.tgz#d2424e2216c999dafc8137fead98771aa939782d"
  integrity sha512-7nYaFUttNr6v9Gl2uPP5Z4JaeYnUHrDTRzQODyup22J12nVKxM4Q0/Dywi/KlOE33fz5Ol/hF0ZnG7l6RITR0Q==

"@kaliber/safe-json-stringify@^2.0.1":
  version "2.0.1"
  resolved "https://registry.yarnpkg.com/@kaliber/safe-json-stringify/-/safe-json-stringify-2.0.1.tgz#3123d872ae8cfe896f616e437b8146c2bea169c6"
  integrity sha512-T74kxEQejxVbAtSixx7Qejpi5O+T5bB2U2wjlLXU+PXkk3dzKVOPieaglCgJKdv3t6P5PULcE2f1E5zXLzUFVw==

"@kaliber/use-render-on-mount@^1.0.4":
  version "1.0.4"
  resolved "https://registry.yarnpkg.com/@kaliber/use-render-on-mount/-/use-render-on-mount-1.0.4.tgz#8fd9b7a1b4fb246464cbec8f226c29b4b565330c"
  integrity sha512-RjZTv2cup8CqomO97PazYXo9CnnCdQErvUFpq9eaUnQKBjBk/LYNR3FOcnG1sF0PIKr8PJ5srHzrMNM1o5M9ZA==

"@tanstack/query-core@5.60.6":
  version "5.60.6"
  resolved "https://registry.yarnpkg.com/@tanstack/query-core/-/query-core-5.60.6.tgz#0dd33fe231b0d18bf66d0c615b29899738300658"
  integrity sha512-tI+k0KyCo1EBJ54vxK1kY24LWj673ujTydCZmzEZKAew4NqZzTaVQJEuaG1qKj2M03kUHN46rchLRd+TxVq/zQ==

"@tanstack/react-query@^5.61.0":
  version "5.61.3"
  resolved "https://registry.yarnpkg.com/@tanstack/react-query/-/react-query-5.61.3.tgz#0187b73b87adaeaed09f3d9717e35b507175fe23"
  integrity sha512-c3Oz9KaCBapGkRewu7AJLhxE9BVqpMcHsd3KtFxSd7FSCu2qGwqfIN37zbSGoyk6Ix9LGZBNHQDPI6GpWABnmA==
  dependencies:
    "@tanstack/query-core" "5.60.6"

callsites@^3.0.0:
  version "3.1.0"
  resolved "https://registry.yarnpkg.com/callsites/-/callsites-3.1.0.tgz#b3630abd8943432f54b3f0519238e33cd7df2f73"
  integrity sha512-P8BjAsXvZS+VIDUI11hHCQEv74YT67YUi5JJFNWIqL235sBmjX4+qx9Muvls5ivyNENctx46xQLQ3aTuE7ssaQ==

classnames@^2.5.1:
  version "2.5.1"
  resolved "https://registry.yarnpkg.com/classnames/-/classnames-2.5.1.tgz#ba774c614be0f016da105c858e7159eae8e7687b"
  integrity sha512-saHYOzhIQs6wy2sVxTM6bUDsQO4F50V9RQ22qBpEdCW+I+/Wmke2HOl6lS6dTpdxVhb88/I6+Hs+438c3lfUow==

debug@^4.3.1:
  version "4.3.7"
  resolved "https://registry.yarnpkg.com/debug/-/debug-4.3.7.tgz#87945b4151a011d76d95a198d7111c865c360a52"
  integrity sha512-Er2nc/H7RrMXZBFCEim6TCmMk02Z8vLC2Rbi1KEBggpo0fS6l0S1nnapwmIi3yW/+GOJap1Krg4w0Hg80oCqgQ==
  dependencies:
    ms "^2.1.3"

history@^5.3.0:
  version "5.3.0"
  resolved "https://registry.yarnpkg.com/history/-/history-5.3.0.tgz#1548abaa245ba47992f063a0783db91ef201c73b"
  integrity sha512-ZqaKwjjrAYUYfLG+htGaIIZ4nioX2L70ZUMIFysS3xvBsSG4x/n1V6TXV3N8ZYNuFGlDirFg32T7B6WOUPDYcQ==
  dependencies:
    "@babel/runtime" "^7.7.6"

hoist-non-react-statics@^3.3.2:
  version "3.3.2"
  resolved "https://registry.yarnpkg.com/hoist-non-react-statics/-/hoist-non-react-statics-3.3.2.tgz#ece0acaf71d62c2969c2ec59feff42a4b1a85b45"
  integrity sha512-/gGivxi8JPKWNm/W0jSmzcMPpfpPLc3dY/6GxhX2hQ9iGj3aDfklV4ET7NjKpSinLpJ5vafa9iiGIEZg10SfBw==
  dependencies:
    react-is "^16.7.0"

hpagent@^0.1.1:
  version "0.1.2"
  resolved "https://registry.yarnpkg.com/hpagent/-/hpagent-0.1.2.tgz#cab39c66d4df2d4377dbd212295d878deb9bdaa9"
  integrity sha512-ePqFXHtSQWAFXYmj+JtOTHr84iNrII4/QRlAAPPE+zqnKy4xJo7Ie1Y4kC7AdB+LxLxSTTzBMASsEcy0q8YyvQ==

import-fresh@^3.3.0:
  version "3.3.0"
  resolved "https://registry.yarnpkg.com/import-fresh/-/import-fresh-3.3.0.tgz#37162c25fcb9ebaa2e6e53d5b4d88ce17d9e0c2b"
  integrity sha512-veYYhQa+D1QBKznvhUHxb8faxlrwUnxseDAbAp457E0wLNio2bOSKnjYDhMj+YiAq61xrMGhQk9iXVk5FzgQMw==
  dependencies:
    parent-module "^1.0.0"
    resolve-from "^4.0.0"

"js-tokens@^3.0.0 || ^4.0.0":
  version "4.0.0"
  resolved "https://registry.yarnpkg.com/js-tokens/-/js-tokens-4.0.0.tgz#19203fb59991df98e3a287050d4647cdeaf32499"
  integrity sha512-RdJUflcE3cUzKiMqQgsCu06FPu9UdIJO0beYbPhHN4k6apgJtifcoCtT9bcxOpYBtpD2kCM6Sbzg4CausW/PKQ==

loose-envify@^1.1.0:
  version "1.4.0"
  resolved "https://registry.yarnpkg.com/loose-envify/-/loose-envify-1.4.0.tgz#71ee51fa7be4caec1a63839f7e682d8132d30caf"
  integrity sha512-lyuxPGr/Wfhrlem2CL/UcnUc1zcqKAImBDzukY7Y5F/yQiNdko6+fRLevlw1HgMySw7f611UIY408EtxRSoK3Q==
  dependencies:
    js-tokens "^3.0.0 || ^4.0.0"

ms@^2.1.3:
  version "2.1.3"
  resolved "https://registry.yarnpkg.com/ms/-/ms-2.1.3.tgz#574c8138ce1d2b5861f0b44579dbadd60c6615b2"
  integrity sha512-6FlzubTLZG3J2a/NVCAleEhjzq5oxgHyaCU9yYXvcLsvoVaHJq/s5xXI6/XXP6tz7R9xAOtHnSO/tXtF3WRTlA==

parent-module@^1.0.0:
  version "1.0.1"
  resolved "https://registry.yarnpkg.com/parent-module/-/parent-module-1.0.1.tgz#691d2709e78c79fae3a156622452d00762caaaa2"
  integrity sha512-GQ2EWRpQV8/o+Aw8YqtfZZPfNRWZYkbidE9k5rpl/hC3vtHHBfGm2Ifi6qWV+coDGkrUKZAxE3Lot5kcsRlh+g==
  dependencies:
    callsites "^3.0.0"

react-dom@^18.3.1:
  version "18.3.1"
  resolved "https://registry.yarnpkg.com/react-dom/-/react-dom-18.3.1.tgz#c2265d79511b57d479b3dd3fdfa51536494c5cb4"
  integrity sha512-5m4nQKp+rZRb09LNH59GM4BxTh9251/ylbKIbpe7TpGxfJ+9kv6BLkLBXIjjspbgbnIBNqlI23tRnTWT0snUIw==
  dependencies:
    loose-envify "^1.1.0"
    scheduler "^0.23.2"

react-fast-compare@^3.0.1:
  version "3.2.2"
  resolved "https://registry.yarnpkg.com/react-fast-compare/-/react-fast-compare-3.2.2.tgz#929a97a532304ce9fee4bcae44234f1ce2c21d49"
  integrity sha512-nsO+KSNgo1SbJqJEYRE9ERzo7YtYbou/OqjSQKxV7jcKox7+usiUVZOAC+XnDOABXggQTno0Y1CpVnuWEc1boQ==

react-is@^16.7.0:
  version "16.13.1"
  resolved "https://registry.yarnpkg.com/react-is/-/react-is-16.13.1.tgz#789729a4dc36de2999dc156dd6c1d9c18cea56a4"
  integrity sha512-24e6ynE2H+OKt4kqsOvNd8kBpV65zoxbA4BVsEOB3ARVWQki/DHzaUoC5KuON/BiccDaCCTZBuOcfZs70kR8bQ==

react@^18.3.1:
  version "18.3.1"
  resolved "https://registry.yarnpkg.com/react/-/react-18.3.1.tgz#49ab892009c53933625bd16b2533fc754cab2891"
  integrity sha512-wS+hAgJShR0KhEvPJArfuPVN1+Hz1t0Y6n5jLrGQbkb4urgPE/0Rve+1kMB1v/oWgHgm4WIcV+i7F2pTVj+2iQ==
  dependencies:
    loose-envify "^1.1.0"

regenerator-runtime@^0.14.0:
  version "0.14.1"
  resolved "https://registry.yarnpkg.com/regenerator-runtime/-/regenerator-runtime-0.14.1.tgz#356ade10263f685dda125100cd862c1db895327f"
  integrity sha512-dYnhHh0nJoMfnkZs6GmmhFknAGRrLznOu5nc9ML+EJxGvrx6H7teuevqVqCuPcPK//3eDrrjQhehXVx9cnkGdw==

resolve-from@^4.0.0:
  version "4.0.0"
  resolved "https://registry.yarnpkg.com/resolve-from/-/resolve-from-4.0.0.tgz#4abcd852ad32dd7baabfe9b40e00a36db5f392e6"
  integrity sha512-pb/MYmXstAkysRFx8piNI1tGFNQIFA3vkE3Gq4EuA1dF6gHp/+vgZqsCGJapvy8N3Q+4o7FwvquPJcnZ7RYy4g==

scheduler@^0.23.2:
  version "0.23.2"
  resolved "https://registry.yarnpkg.com/scheduler/-/scheduler-0.23.2.tgz#414ba64a3b282892e944cf2108ecc078d115cdc3"
  integrity sha512-UOShsPwz7NrMUqhR6t0hWjFduvOzbtv7toDH1/hIrfRNIDBnnBWd0CwJTGvTpngVlmwGCdP9/Zl/tVrDqcuYzQ==
  dependencies:
    loose-envify "^1.1.0"

secure-json-parse@^2.4.0:
  version "2.7.0"
  resolved "https://registry.yarnpkg.com/secure-json-parse/-/secure-json-parse-2.7.0.tgz#5a5f9cd6ae47df23dba3151edd06855d47e09862"
  integrity sha512-6aU+Rwsezw7VR8/nyvKTx8QpWH9FrcYiXXlqC4z5d5XQBDRqtbfsRjnwGyqbi3gddNtWHuEk9OANUotL26qKUw==
